Microsoft Visual Studio Solution File, Format Version 11.00
# Visual Studio 2015
Project("{1E5D749E-52F2-3A39-2CF3-AA18FFE9CC39}") = "ssr", "ssr.vcxproj", "{6CE4BE25-5619-1A82-ED4F-C598C609281B}"
EndProject
Global
	GlobalSection(SolutionConfigurationPlatforms) = preSolution
		Debug|Win32 = Debug|Win32
		Release|Win32 = Release|Win32
	EndGlobalSection
	GlobalSection(ProjectConfigurationPlatforms) = postSolution
		{6CE4BE25-5619-1A82-ED4F-C598C609281B}.Debug|Win32.ActiveCfg = Debug|Win32
		{6CE4BE25-5619-1A82-ED4F-C598C609281B}.Debug|Win32.Build.0 = Debug|Win32
		{6CE4BE25-5619-1A82-ED4F-C598C609281B}.Release|Win32.ActiveCfg = Release|Win32
		{6CE4BE25-5619-1A82-ED4F-C598C609281B}.Release|Win32.Build.0 = Release|Win32
	EndGlobalSection
	GlobalSection(SolutionProperties) = preSolution
		HideSolutionNode = FALSE
	EndGlobalSection
EndGlobal
